
Microsoft Visual Studio Solution File, Format Version 12.00
# Visual Studio Version 17
VisualStudioVersion = 17.11.35327.3
MinimumVisualStudioVersion = 10.0.40219.1
Project("{9A19103F-16F7-4668-BE54-9A1E7A4F7556}") = "ServiceNow", "ServiceNow.csproj", "{2D9FB06A-B27F-43A0-B9F6-A7A22FA4FB7F}"
EndProject
Project("{FAE04EC0-301F-11D3-BF4B-00C04F79EFBC}") = "ServiceNow.Tests", "ServiceNow.Tests\ServiceNow.Tests.csproj", "{75541B8A-5608-4717-80C0-3DE7EF537BA9}"
EndProject
Global
	GlobalSection(SolutionConfigurationPlatforms) = preSolution
		Debug|Any CPU = Debug|Any CPU
		Release|Any CPU = Release|Any CPU
	EndGlobalSection
	GlobalSection(ProjectConfigurationPlatforms) = postSolution
		{2D9FB06A-B27F-43A0-B9F6-A7A22FA4FB7F}.Debug|Any CPU.ActiveCfg = Debug|Any CPU
		{2D9FB06A-B27F-43A0-B9F6-A7A22FA4FB7F}.Debug|Any CPU.Build.0 = Debug|Any CPU
		{2D9FB06A-B27F-43A0-B9F6-A7A22FA4FB7F}.Release|Any CPU.ActiveCfg = Release|Any CPU
		{2D9FB06A-B27F-43A0-B9F6-A7A22FA4FB7F}.Release|Any CPU.Build.0 = Release|Any CPU
		{75541B8A-5608-4717-80C0-3DE7EF537BA9}.Debug|Any CPU.ActiveCfg = Debug|Any CPU
		{75541B8A-5608-4717-80C0-3DE7EF537BA9}.Debug|Any CPU.Build.0 = Debug|Any CPU
		{75541B8A-5608-4717-80C0-3DE7EF537BA9}.Release|Any CPU.ActiveCfg = Release|Any CPU
		{75541B8A-5608-4717-80C0-3DE7EF537BA9}.Release|Any CPU.Build.0 = Release|Any CPU
	EndGlobalSection
	GlobalSection(SolutionProperties) = preSolution
		HideSolutionNode = FALSE
	EndGlobalSection
	GlobalSection(ExtensibilityGlobals) = postSolution
		SolutionGuid = {138E2AC9-2ACF-4A25-9373-CA46128667C7}
	EndGlobalSection
EndGlobal
